{
  "name": "QuickstartTutorial",
  "version": "1.0.0",
  "lockfileVersion": 1,
  "requires": true,
  "dependencies": {
    "@openui5/sap.m": {
      "version": "1.69.1",
      "resolved": "https://registry.npmjs.org/@openui5/sap.m/-/sap.m-1.69.1.tgz",
      "integrity": "sha512-6o4z7WJ+wMiaaVfwwMPIcyhU5NYaaafvmDNDu3En2VLquRlQIUsmmp+IoMpXNt2+YX+E+JCXsWZbphbtme1K2Q==",
      "requires": {
        "@openui5/sap.ui.core": "1.69.1",
        "@openui5/sap.ui.layout": "1.69.1",
        "@openui5/sap.ui.unified": "1.69.1"
      }
    },
    "@openui5/sap.tnt": {
      "version": "1.69.1",
      "resolved": "https://registry.npmjs.org/@openui5/sap.tnt/-/sap.tnt-1.69.1.tgz",
      "integrity": "sha512-JipLYkZ9B6QfQDmZqXBi+XeY8P7EZnjPohwipKKAIKKPrFULiciH4ZmB9FCZvd0Mq0mMmqkunfht3JwwoBsWbQ==",
      "requires": {
        "@openui5/sap.m": "1.69.1",
        "@openui5/sap.ui.core": "1.69.1"
      }
    },
    "@openui5/sap.ui.core": {
      "version": "1.69.1",
      "resolved": "https://registry.npmjs.org/@openui5/sap.ui.core/-/sap.ui.core-1.69.1.tgz",
      "integrity": "sha512-1p2EEob1RdV42hYO/R4iVrUZwqUks0f5EIao02YGycTeIJyhpvjxkW1LfUZ01hDek/P+XecYvU7ycejJ2XphqQ=="
    },
    "@openui5/sap.ui.layout": {
      "version": "1.69.1",
      "resolved": "https://registry.npmjs.org/@openui5/sap.ui.layout/-/sap.ui.layout-1.69.1.tgz",
      "integrity": "sha512-1pQErkuO9uuWO9SFv/C2dHcl54VndKLvGYg1PQaUoHUX0IBpbFG4cSHBWzERHQw2uNAqlqY9c3cTdcOPW2fnfw==",
      "requires": {
        "@openui5/sap.ui.core": "1.69.1"
      }
    },
    "@openui5/sap.ui.unified": {
      "version": "1.69.1",
      "resolved": "https://registry.npmjs.org/@openui5/sap.ui.unified/-/sap.ui.unified-1.69.1.tgz",
      "integrity": "sha512-15C1N3YBoZbmCBKb8j6CDJOxtD9dRuxE91NrMeX9AO0EHctGrlmpUSI8q2zXPkOaFpW6Ma5xHpflK9G97lhUCA==",
      "requires": {
        "@openui5/sap.ui.core": "1.69.1"
      }
    },
    "@openui5/themelib_sap_belize": {
      "version": "1.69.1",
      "resolved": "https://registry.npmjs.org/@openui5/themelib_sap_belize/-/themelib_sap_belize-1.69.1.tgz",
      "integrity": "sha512-4/i7DGRSdPS4EzvWQR273A+mcAoToU9+pMJruyw1qD1TyyHMoDUODMmOQhgldZFVutB8GCyLtdP4zIsuUIXD1w=="
    }
  }
}
